
Microsoft Visual Studio Solution File, Format Version 12.00
# Visual Studio 15
VisualStudioVersion = 15.0.26124.0
MinimumVisualStudioVersion = 15.0.26124.0
Project("{2150E333-8FDC-42A3-9474-1A3956D46DE8}") = "src", "src", "{858C79C7-C2DD-4916-B9B1-1EE46C0F4132}"
EndProject
Project("{FAE04EC0-301F-11D3-BF4B-00C04F79EFBC}") = "ManagedNodeProcess", "src\ManagedNodeProcess\ManagedNodeProcess.csproj", "{02DFEDD9-3D08-4E5A-B2C5-000B884681A0}"
EndProject
Project("{2150E333-8FDC-42A3-9474-1A3956D46DE8}") = "tests", "tests", "{05396CF2-6D4D-41E0-BBE0-1B3953C20EB5}"
EndProject
Project("{FAE04EC0-301F-11D3-BF4B-00C04F79EFBC}") = "ManagedNodeProcess.Tests", "tests\ManagedNodeProcess.Tests\ManagedNodeProcess.Tests.csproj", "{3DF8755D-2337-4399-8C7D-7D878D2C038C}"
EndProject
Project("{FAE04EC0-301F-11D3-BF4B-00C04F79EFBC}") = "TestUtils", "tests\TestUtils\TestUtils.csproj", "{05D190F7-95BE-4F85-9B5A-C26D2DF76754}"
EndProject
Project("{2150E333-8FDC-42A3-9474-1A3956D46DE8}") = "Tasks", "Tasks", "{42BE15D4-18A8-4A3A-9658-E2A16E756613}"
EndProject
Project("{FAE04EC0-301F-11D3-BF4B-00C04F79EFBC}") = "Tasks.WebPack", "src\Tasks\WebPack\Tasks.WebPack.csproj", "{8CC4DD3F-B9BD-4D35-933B-FC16263984B9}"
EndProject
Project("{FAE04EC0-301F-11D3-BF4B-00C04F79EFBC}") = "Tasks.Npm", "src\Tasks\Npm\Tasks.Npm.csproj", "{E9F4808D-9BF7-454C-8C48-2E38AD9DA3C4}"
EndProject
Project("{2150E333-8FDC-42A3-9474-1A3956D46DE8}") = "Tasks", "Tasks", "{2C4AF05E-9D8B-4CA2-8C95-BD3DAF8B5155}"
EndProject
Project("{FAE04EC0-301F-11D3-BF4B-00C04F79EFBC}") = "Tasks.Npm.Tests", "tests\Tasks\Npm\Tasks.Npm.Tests.csproj", "{74CD5DE0-E668-411B-97C9-F235AD7B22C2}"
EndProject
Project("{FAE04EC0-301F-11D3-BF4B-00C04F79EFBC}") = "TypeScript.Sdk", "src\TypeScript.Sdk\TypeScript.Sdk.csproj", "{B779C799-2FB5-4212-B486-1E32C508CDFB}"
EndProject
Project("{FAE04EC0-301F-11D3-BF4B-00C04F79EFBC}") = "Tasks.TypeScript", "src\Tasks\TypeScript\Tasks.TypeScript.csproj", "{50B72D38-6228-4B81-993D-63C319127BB1}"
EndProject
Project("{FAE04EC0-301F-11D3-BF4B-00C04F79EFBC}") = "Tasks.Utils", "src\Tasks\Utils\Tasks.Utils.csproj", "{553F8A0D-7249-499F-A0A1-275CD501710C}"
EndProject
Project("{FAE04EC0-301F-11D3-BF4B-00C04F79EFBC}") = "Tasks.Utils.Tests", "tests\Tasks\Utils\Tasks.Utils.Tests.csproj", "{F06FC0B2-8AAF-459E-9E43-73EAB013E35D}"
EndProject
Project("{FAE04EC0-301F-11D3-BF4B-00C04F79EFBC}") = "Tasks.TypeScript.Tests", "tests\Tasks\TypeScript\Tasks.TypeScript.Tests.csproj", "{65E08496-4192-4709-8655-B5EA18B6DB05}"
EndProject
Project("{FAE04EC0-301F-11D3-BF4B-00C04F79EFBC}") = "Tasks.Build", "src\Tasks\Build\Tasks.Build.csproj", "{CE2BB037-D7FF-4896-B989-3A2A8C6EFBB2}"
EndProject
Project("{2150E333-8FDC-42A3-9474-1A3956D46DE8}") = "TestRunner", "TestRunner", "{10D72784-AD80-494A-A5EC-C439411635DA}"
EndProject
Project("{FAE04EC0-301F-11D3-BF4B-00C04F79EFBC}") = "TestRunner.VisualStudio", "src\TestRunner\VisualStudio\TestRunner.VisualStudio.csproj", "{BD9F88B5-9CE4-4BAF-9BED-A611D92C9639}"
EndProject
Global
	GlobalSection(SolutionConfigurationPlatforms) = preSolution
		Debug|Any CPU = Debug|Any CPU
		Debug|x64 = Debug|x64
		Debug|x86 = Debug|x86
		Release|Any CPU = Release|Any CPU
		Release|x64 = Release|x64
		Release|x86 = Release|x86
	EndGlobalSection
	GlobalSection(SolutionProperties) = preSolution
		HideSolutionNode = FALSE
	EndGlobalSection
	GlobalSection(ProjectConfigurationPlatforms) = postSolution
		{02DFEDD9-3D08-4E5A-B2C5-000B884681A0}.Debug|Any CPU.ActiveCfg = Debug|Any CPU
		{02DFEDD9-3D08-4E5A-B2C5-000B884681A0}.Debug|Any CPU.Build.0 = Debug|Any CPU
		{02DFEDD9-3D08-4E5A-B2C5-000B884681A0}.Debug|x64.ActiveCfg = Debug|Any CPU
		{02DFEDD9-3D08-4E5A-B2C5-000B884681A0}.Debug|x64.Build.0 = Debug|Any CPU
		{02DFEDD9-3D08-4E5A-B2C5-000B884681A0}.Debug|x86.ActiveCfg = Debug|Any CPU
		{02DFEDD9-3D08-4E5A-B2C5-000B884681A0}.Debug|x86.Build.0 = Debug|Any CPU
		{02DFEDD9-3D08-4E5A-B2C5-000B884681A0}.Release|Any CPU.ActiveCfg = Release|Any CPU
		{02DFEDD9-3D08-4E5A-B2C5-000B884681A0}.Release|Any CPU.Build.0 = Release|Any CPU
		{02DFEDD9-3D08-4E5A-B2C5-000B884681A0}.Release|x64.ActiveCfg = Release|Any CPU
		{02DFEDD9-3D08-4E5A-B2C5-000B884681A0}.Release|x64.Build.0 = Release|Any CPU
		{02DFEDD9-3D08-4E5A-B2C5-000B884681A0}.Release|x86.ActiveCfg = Release|Any CPU
		{02DFEDD9-3D08-4E5A-B2C5-000B884681A0}.Release|x86.Build.0 = Release|Any CPU
		{3DF8755D-2337-4399-8C7D-7D878D2C038C}.Debug|Any CPU.ActiveCfg = Debug|Any CPU
		{3DF8755D-2337-4399-8C7D-7D878D2C038C}.Debug|Any CPU.Build.0 = Debug|Any CPU
		{3DF8755D-2337-4399-8C7D-7D878D2C038C}.Debug|x64.ActiveCfg = Debug|Any CPU
		{3DF8755D-2337-4399-8C7D-7D878D2C038C}.Debug|x64.Build.0 = Debug|Any CPU
		{3DF8755D-2337-4399-8C7D-7D878D2C038C}.Debug|x86.ActiveCfg = Debug|Any CPU
		{3DF8755D-2337-4399-8C7D-7D878D2C038C}.Debug|x86.Build.0 = Debug|Any CPU
		{3DF8755D-2337-4399-8C7D-7D878D2C038C}.Release|Any CPU.ActiveCfg = Release|Any CPU
		{3DF8755D-2337-4399-8C7D-7D878D2C038C}.Release|Any CPU.Build.0 = Release|Any CPU
		{3DF8755D-2337-4399-8C7D-7D878D2C038C}.Release|x64.ActiveCfg = Release|Any CPU
		{3DF8755D-2337-4399-8C7D-7D878D2C038C}.Release|x64.Build.0 = Release|Any CPU
		{3DF8755D-2337-4399-8C7D-7D878D2C038C}.Release|x86.ActiveCfg = Release|Any CPU
		{3DF8755D-2337-4399-8C7D-7D878D2C038C}.Release|x86.Build.0 = Release|Any CPU
		{05D190F7-95BE-4F85-9B5A-C26D2DF76754}.Debug|Any CPU.ActiveCfg = Debug|Any CPU
		{05D190F7-95BE-4F85-9B5A-C26D2DF76754}.Debug|Any CPU.Build.0 = Debug|Any CPU
		{05D190F7-95BE-4F85-9B5A-C26D2DF76754}.Debug|x64.ActiveCfg = Debug|Any CPU
		{05D190F7-95BE-4F85-9B5A-C26D2DF76754}.Debug|x64.Build.0 = Debug|Any CPU
		{05D190F7-95BE-4F85-9B5A-C26D2DF76754}.Debug|x86.ActiveCfg = Debug|Any CPU
		{05D190F7-95BE-4F85-9B5A-C26D2DF76754}.Debug|x86.Build.0 = Debug|Any CPU
		{05D190F7-95BE-4F85-9B5A-C26D2DF76754}.Release|Any CPU.ActiveCfg = Release|Any CPU
		{05D190F7-95BE-4F85-9B5A-C26D2DF76754}.Release|Any CPU.Build.0 = Release|Any CPU
		{05D190F7-95BE-4F85-9B5A-C26D2DF76754}.Release|x64.ActiveCfg = Release|Any CPU
		{05D190F7-95BE-4F85-9B5A-C26D2DF76754}.Release|x64.Build.0 = Release|Any CPU
		{05D190F7-95BE-4F85-9B5A-C26D2DF76754}.Release|x86.ActiveCfg = Release|Any CPU
		{05D190F7-95BE-4F85-9B5A-C26D2DF76754}.Release|x86.Build.0 = Release|Any CPU
		{8CC4DD3F-B9BD-4D35-933B-FC16263984B9}.Debug|Any CPU.ActiveCfg = Debug|Any CPU
		{8CC4DD3F-B9BD-4D35-933B-FC16263984B9}.Debug|Any CPU.Build.0 = Debug|Any CPU
		{8CC4DD3F-B9BD-4D35-933B-FC16263984B9}.Debug|x64.ActiveCfg = Debug|Any CPU
		{8CC4DD3F-B9BD-4D35-933B-FC16263984B9}.Debug|x64.Build.0 = Debug|Any CPU
		{8CC4DD3F-B9BD-4D35-933B-FC16263984B9}.Debug|x86.ActiveCfg = Debug|Any CPU
		{8CC4DD3F-B9BD-4D35-933B-FC16263984B9}.Debug|x86.Build.0 = Debug|Any CPU
		{8CC4DD3F-B9BD-4D35-933B-FC16263984B9}.Release|Any CPU.ActiveCfg = Release|Any CPU
		{8CC4DD3F-B9BD-4D35-933B-FC16263984B9}.Release|Any CPU.Build.0 = Release|Any CPU
		{8CC4DD3F-B9BD-4D35-933B-FC16263984B9}.Release|x64.ActiveCfg = Release|Any CPU
		{8CC4DD3F-B9BD-4D35-933B-FC16263984B9}.Release|x64.Build.0 = Release|Any CPU
		{8CC4DD3F-B9BD-4D35-933B-FC16263984B9}.Release|x86.ActiveCfg = Release|Any CPU
		{8CC4DD3F-B9BD-4D35-933B-FC16263984B9}.Release|x86.Build.0 = Release|Any CPU
		{E9F4808D-9BF7-454C-8C48-2E38AD9DA3C4}.Debug|Any CPU.ActiveCfg = Debug|Any CPU
		{E9F4808D-9BF7-454C-8C48-2E38AD9DA3C4}.Debug|Any CPU.Build.0 = Debug|Any CPU
		{E9F4808D-9BF7-454C-8C48-2E38AD9DA3C4}.Debug|x64.ActiveCfg = Debug|Any CPU
		{E9F4808D-9BF7-454C-8C48-2E38AD9DA3C4}.Debug|x64.Build.0 = Debug|Any CPU
		{E9F4808D-9BF7-454C-8C48-2E38AD9DA3C4}.Debug|x86.ActiveCfg = Debug|Any CPU
		{E9F4808D-9BF7-454C-8C48-2E38AD9DA3C4}.Debug|x86.Build.0 = Debug|Any CPU
		{E9F4808D-9BF7-454C-8C48-2E38AD9DA3C4}.Release|Any CPU.ActiveCfg = Release|Any CPU
		{E9F4808D-9BF7-454C-8C48-2E38AD9DA3C4}.Release|Any CPU.Build.0 = Release|Any CPU
		{E9F4808D-9BF7-454C-8C48-2E38AD9DA3C4}.Release|x64.ActiveCfg = Release|Any CPU
		{E9F4808D-9BF7-454C-8C48-2E38AD9DA3C4}.Release|x64.Build.0 = Release|Any CPU
		{E9F4808D-9BF7-454C-8C48-2E38AD9DA3C4}.Release|x86.ActiveCfg = Release|Any CPU
		{E9F4808D-9BF7-454C-8C48-2E38AD9DA3C4}.Release|x86.Build.0 = Release|Any CPU
		{74CD5DE0-E668-411B-97C9-F235AD7B22C2}.Debug|Any CPU.ActiveCfg = Debug|Any CPU
		{74CD5DE0-E668-411B-97C9-F235AD7B22C2}.Debug|Any CPU.Build.0 = Debug|Any CPU
		{74CD5DE0-E668-411B-97C9-F235AD7B22C2}.Debug|x64.ActiveCfg = Debug|Any CPU
		{74CD5DE0-E668-411B-97C9-F235AD7B22C2}.Debug|x64.Build.0 = Debug|Any CPU
		{74CD5DE0-E668-411B-97C9-F235AD7B22C2}.Debug|x86.ActiveCfg = Debug|Any CPU
		{74CD5DE0-E668-411B-97C9-F235AD7B22C2}.Debug|x86.Build.0 = Debug|Any CPU
		{74CD5DE0-E668-411B-97C9-F235AD7B22C2}.Release|Any CPU.ActiveCfg = Release|Any CPU
		{74CD5DE0-E668-411B-97C9-F235AD7B22C2}.Release|Any CPU.Build.0 = Release|Any CPU
		{74CD5DE0-E668-411B-97C9-F235AD7B22C2}.Release|x64.ActiveCfg = Release|Any CPU
		{74CD5DE0-E668-411B-97C9-F235AD7B22C2}.Release|x64.Build.0 = Release|Any CPU
		{74CD5DE0-E668-411B-97C9-F235AD7B22C2}.Release|x86.ActiveCfg = Release|Any CPU
		{74CD5DE0-E668-411B-97C9-F235AD7B22C2}.Release|x86.Build.0 = Release|Any CPU
		{B779C799-2FB5-4212-B486-1E32C508CDFB}.Debug|Any CPU.ActiveCfg = Debug|Any CPU
		{B779C799-2FB5-4212-B486-1E32C508CDFB}.Debug|Any CPU.Build.0 = Debug|Any CPU
		{B779C799-2FB5-4212-B486-1E32C508CDFB}.Debug|x64.ActiveCfg = Debug|Any CPU
		{B779C799-2FB5-4212-B486-1E32C508CDFB}.Debug|x64.Build.0 = Debug|Any CPU
		{B779C799-2FB5-4212-B486-1E32C508CDFB}.Debug|x86.ActiveCfg = Debug|Any CPU
		{B779C799-2FB5-4212-B486-1E32C508CDFB}.Debug|x86.Build.0 = Debug|Any CPU
		{B779C799-2FB5-4212-B486-1E32C508CDFB}.Release|Any CPU.ActiveCfg = Release|Any CPU
		{B779C799-2FB5-4212-B486-1E32C508CDFB}.Release|Any CPU.Build.0 = Release|Any CPU
		{B779C799-2FB5-4212-B486-1E32C508CDFB}.Release|x64.ActiveCfg = Release|Any CPU
		{B779C799-2FB5-4212-B486-1E32C508CDFB}.Release|x64.Build.0 = Release|Any CPU
		{B779C799-2FB5-4212-B486-1E32C508CDFB}.Release|x86.ActiveCfg = Release|Any CPU
		{B779C799-2FB5-4212-B486-1E32C508CDFB}.Release|x86.Build.0 = Release|Any CPU
		{50B72D38-6228-4B81-993D-63C319127BB1}.Debug|Any CPU.ActiveCfg = Debug|Any CPU
		{50B72D38-6228-4B81-993D-63C319127BB1}.Debug|Any CPU.Build.0 = Debug|Any CPU
		{50B72D38-6228-4B81-993D-63C319127BB1}.Debug|x64.ActiveCfg = Debug|Any CPU
		{50B72D38-6228-4B81-993D-63C319127BB1}.Debug|x64.Build.0 = Debug|Any CPU
		{50B72D38-6228-4B81-993D-63C319127BB1}.Debug|x86.ActiveCfg = Debug|Any CPU
		{50B72D38-6228-4B81-993D-63C319127BB1}.Debug|x86.Build.0 = Debug|Any CPU
		{50B72D38-6228-4B81-993D-63C319127BB1}.Release|Any CPU.ActiveCfg = Release|Any CPU
		{50B72D38-6228-4B81-993D-63C319127BB1}.Release|Any CPU.Build.0 = Release|Any CPU
		{50B72D38-6228-4B81-993D-63C319127BB1}.Release|x64.ActiveCfg = Release|Any CPU
		{50B72D38-6228-4B81-993D-63C319127BB1}.Release|x64.Build.0 = Release|Any CPU
		{50B72D38-6228-4B81-993D-63C319127BB1}.Release|x86.ActiveCfg = Release|Any CPU
		{50B72D38-6228-4B81-993D-63C319127BB1}.Release|x86.Build.0 = Release|Any CPU
		{553F8A0D-7249-499F-A0A1-275CD501710C}.Debug|Any CPU.ActiveCfg = Debug|Any CPU
		{553F8A0D-7249-499F-A0A1-275CD501710C}.Debug|Any CPU.Build.0 = Debug|Any CPU
		{553F8A0D-7249-499F-A0A1-275CD501710C}.Debug|x64.ActiveCfg = Debug|Any CPU
		{553F8A0D-7249-499F-A0A1-275CD501710C}.Debug|x64.Build.0 = Debug|Any CPU
		{553F8A0D-7249-499F-A0A1-275CD501710C}.Debug|x86.ActiveCfg = Debug|Any CPU
		{553F8A0D-7249-499F-A0A1-275CD501710C}.Debug|x86.Build.0 = Debug|Any CPU
		{553F8A0D-7249-499F-A0A1-275CD501710C}.Release|Any CPU.ActiveCfg = Release|Any CPU
		{553F8A0D-7249-499F-A0A1-275CD501710C}.Release|Any CPU.Build.0 = Release|Any CPU
		{553F8A0D-7249-499F-A0A1-275CD501710C}.Release|x64.ActiveCfg = Release|Any CPU
		{553F8A0D-7249-499F-A0A1-275CD501710C}.Release|x64.Build.0 = Release|Any CPU
		{553F8A0D-7249-499F-A0A1-275CD501710C}.Release|x86.ActiveCfg = Release|Any CPU
		{553F8A0D-7249-499F-A0A1-275CD501710C}.Release|x86.Build.0 = Release|Any CPU
		{F06FC0B2-8AAF-459E-9E43-73EAB013E35D}.Debug|Any CPU.ActiveCfg = Debug|Any CPU
		{F06FC0B2-8AAF-459E-9E43-73EAB013E35D}.Debug|Any CPU.Build.0 = Debug|Any CPU
		{F06FC0B2-8AAF-459E-9E43-73EAB013E35D}.Debug|x64.ActiveCfg = Debug|Any CPU
		{F06FC0B2-8AAF-459E-9E43-73EAB013E35D}.Debug|x64.Build.0 = Debug|Any CPU
		{F06FC0B2-8AAF-459E-9E43-73EAB013E35D}.Debug|x86.ActiveCfg = Debug|Any CPU
		{F06FC0B2-8AAF-459E-9E43-73EAB013E35D}.Debug|x86.Build.0 = Debug|Any CPU
		{F06FC0B2-8AAF-459E-9E43-73EAB013E35D}.Release|Any CPU.ActiveCfg = Release|Any CPU
		{F06FC0B2-8AAF-459E-9E43-73EAB013E35D}.Release|Any CPU.Build.0 = Release|Any CPU
		{F06FC0B2-8AAF-459E-9E43-73EAB013E35D}.Release|x64.ActiveCfg = Release|Any CPU
		{F06FC0B2-8AAF-459E-9E43-73EAB013E35D}.Release|x64.Build.0 = Release|Any CPU
		{F06FC0B2-8AAF-459E-9E43-73EAB013E35D}.Release|x86.ActiveCfg = Release|Any CPU
		{F06FC0B2-8AAF-459E-9E43-73EAB013E35D}.Release|x86.Build.0 = Release|Any CPU
		{65E08496-4192-4709-8655-B5EA18B6DB05}.Debug|Any CPU.ActiveCfg = Debug|Any CPU
		{65E08496-4192-4709-8655-B5EA18B6DB05}.Debug|Any CPU.Build.0 = Debug|Any CPU
		{65E08496-4192-4709-8655-B5EA18B6DB05}.Debug|x64.ActiveCfg = Debug|Any CPU
		{65E08496-4192-4709-8655-B5EA18B6DB05}.Debug|x64.Build.0 = Debug|Any CPU
		{65E08496-4192-4709-8655-B5EA18B6DB05}.Debug|x86.ActiveCfg = Debug|Any CPU
		{65E08496-4192-4709-8655-B5EA18B6DB05}.Debug|x86.Build.0 = Debug|Any CPU
		{65E08496-4192-4709-8655-B5EA18B6DB05}.Release|Any CPU.ActiveCfg = Release|Any CPU
		{65E08496-4192-4709-8655-B5EA18B6DB05}.Release|Any CPU.Build.0 = Release|Any CPU
		{65E08496-4192-4709-8655-B5EA18B6DB05}.Release|x64.ActiveCfg = Release|Any CPU
		{65E08496-4192-4709-8655-B5EA18B6DB05}.Release|x64.Build.0 = Release|Any CPU
		{65E08496-4192-4709-8655-B5EA18B6DB05}.Release|x86.ActiveCfg = Release|Any CPU
		{65E08496-4192-4709-8655-B5EA18B6DB05}.Release|x86.Build.0 = Release|Any CPU
		{CE2BB037-D7FF-4896-B989-3A2A8C6EFBB2}.Debug|Any CPU.ActiveCfg = Debug|Any CPU
		{CE2BB037-D7FF-4896-B989-3A2A8C6EFBB2}.Debug|Any CPU.Build.0 = Debug|Any CPU
		{CE2BB037-D7FF-4896-B989-3A2A8C6EFBB2}.Debug|x64.ActiveCfg = Debug|Any CPU
		{CE2BB037-D7FF-4896-B989-3A2A8C6EFBB2}.Debug|x64.Build.0 = Debug|Any CPU
		{CE2BB037-D7FF-4896-B989-3A2A8C6EFBB2}.Debug|x86.ActiveCfg = Debug|Any CPU
		{CE2BB037-D7FF-4896-B989-3A2A8C6EFBB2}.Debug|x86.Build.0 = Debug|Any CPU
		{CE2BB037-D7FF-4896-B989-3A2A8C6EFBB2}.Release|Any CPU.ActiveCfg = Release|Any CPU
		{CE2BB037-D7FF-4896-B989-3A2A8C6EFBB2}.Release|Any CPU.Build.0 = Release|Any CPU
		{CE2BB037-D7FF-4896-B989-3A2A8C6EFBB2}.Release|x64.ActiveCfg = Release|Any CPU
		{CE2BB037-D7FF-4896-B989-3A2A8C6EFBB2}.Release|x64.Build.0 = Release|Any CPU
		{CE2BB037-D7FF-4896-B989-3A2A8C6EFBB2}.Release|x86.ActiveCfg = Release|Any CPU
		{CE2BB037-D7FF-4896-B989-3A2A8C6EFBB2}.Release|x86.Build.0 = Release|Any CPU
		{BD9F88B5-9CE4-4BAF-9BED-A611D92C9639}.Debug|Any CPU.ActiveCfg = Debug|Any CPU
		{BD9F88B5-9CE4-4BAF-9BED-A611D92C9639}.Debug|Any CPU.Build.0 = Debug|Any CPU
		{BD9F88B5-9CE4-4BAF-9BED-A611D92C9639}.Debug|x64.ActiveCfg = Debug|Any CPU
		{BD9F88B5-9CE4-4BAF-9BED-A611D92C9639}.Debug|x64.Build.0 = Debug|Any CPU
		{BD9F88B5-9CE4-4BAF-9BED-A611D92C9639}.Debug|x86.ActiveCfg = Debug|Any CPU
		{BD9F88B5-9CE4-4BAF-9BED-A611D92C9639}.Debug|x86.Build.0 = Debug|Any CPU
		{BD9F88B5-9CE4-4BAF-9BED-A611D92C9639}.Release|Any CPU.ActiveCfg = Release|Any CPU
		{BD9F88B5-9CE4-4BAF-9BED-A611D92C9639}.Release|Any CPU.Build.0 = Release|Any CPU
		{BD9F88B5-9CE4-4BAF-9BED-A611D92C9639}.Release|x64.ActiveCfg = Release|Any CPU
		{BD9F88B5-9CE4-4BAF-9BED-A611D92C9639}.Release|x64.Build.0 = Release|Any CPU
		{BD9F88B5-9CE4-4BAF-9BED-A611D92C9639}.Release|x86.ActiveCfg = Release|Any CPU
		{BD9F88B5-9CE4-4BAF-9BED-A611D92C9639}.Release|x86.Build.0 = Release|Any CPU
	EndGlobalSection
	GlobalSection(NestedProjects) = preSolution
		{02DFEDD9-3D08-4E5A-B2C5-000B884681A0} = {858C79C7-C2DD-4916-B9B1-1EE46C0F4132}
		{3DF8755D-2337-4399-8C7D-7D878D2C038C} = {05396CF2-6D4D-41E0-BBE0-1B3953C20EB5}
		{05D190F7-95BE-4F85-9B5A-C26D2DF76754} = {05396CF2-6D4D-41E0-BBE0-1B3953C20EB5}
		{42BE15D4-18A8-4A3A-9658-E2A16E756613} = {858C79C7-C2DD-4916-B9B1-1EE46C0F4132}
		{8CC4DD3F-B9BD-4D35-933B-FC16263984B9} = {42BE15D4-18A8-4A3A-9658-E2A16E756613}
		{E9F4808D-9BF7-454C-8C48-2E38AD9DA3C4} = {42BE15D4-18A8-4A3A-9658-E2A16E756613}
		{2C4AF05E-9D8B-4CA2-8C95-BD3DAF8B5155} = {05396CF2-6D4D-41E0-BBE0-1B3953C20EB5}
		{74CD5DE0-E668-411B-97C9-F235AD7B22C2} = {2C4AF05E-9D8B-4CA2-8C95-BD3DAF8B5155}
		{B779C799-2FB5-4212-B486-1E32C508CDFB} = {858C79C7-C2DD-4916-B9B1-1EE46C0F4132}
		{50B72D38-6228-4B81-993D-63C319127BB1} = {42BE15D4-18A8-4A3A-9658-E2A16E756613}
		{553F8A0D-7249-499F-A0A1-275CD501710C} = {42BE15D4-18A8-4A3A-9658-E2A16E756613}
		{F06FC0B2-8AAF-459E-9E43-73EAB013E35D} = {2C4AF05E-9D8B-4CA2-8C95-BD3DAF8B5155}
		{65E08496-4192-4709-8655-B5EA18B6DB05} = {2C4AF05E-9D8B-4CA2-8C95-BD3DAF8B5155}
		{CE2BB037-D7FF-4896-B989-3A2A8C6EFBB2} = {42BE15D4-18A8-4A3A-9658-E2A16E756613}
		{10D72784-AD80-494A-A5EC-C439411635DA} = {858C79C7-C2DD-4916-B9B1-1EE46C0F4132}
		{BD9F88B5-9CE4-4BAF-9BED-A611D92C9639} = {10D72784-AD80-494A-A5EC-C439411635DA}
	EndGlobalSection
EndGlobal
