
Microsoft Visual Studio Solution File, Format Version 12.00
# Visual Studio 15
VisualStudioVersion = 15.0.26124.0
MinimumVisualStudioVersion = 15.0.26124.0
Project("{2150E333-8FDC-42A3-9474-1A3956D46DE8}") = "src", "src", "{858C79C7-C2DD-4916-B9B1-1EE46C0F4132}"
EndProject
Project("{FAE04EC0-301F-11D3-BF4B-00C04F79EFBC}") = "ManagedNodeProcess", "src\ManagedNodeProcess\ManagedNodeProcess.csproj", "{02DFEDD9-3D08-4E5A-B2C5-000B884681A0}"
EndProject
Project("{2150E333-8FDC-42A3-9474-1A3956D46DE8}") = "tests", "tests", "{05396CF2-6D4D-41E0-BBE0-1B3953C20EB5}"
EndProject
Project("{FAE04EC0-301F-11D3-BF4B-00C04F79EFBC}") = "ManagedNodeProcess.Tests", "tests\ManagedNodeProcess.Tests\ManagedNodeProcess.Tests.csproj", "{3DF8755D-2337-4399-8C7D-7D878D2C038C}"
EndProject
Project("{FAE04EC0-301F-11D3-BF4B-00C04F79EFBC}") = "TestUtils", "tests\TestUtils\TestUtils.csproj", "{05D190F7-95BE-4F85-9B5A-C26D2DF76754}"
EndProject
Global
	GlobalSection(SolutionConfigurationPlatforms) = preSolution
		Debug|Any CPU = Debug|Any CPU
		Debug|x64 = Debug|x64
		Debug|x86 = Debug|x86
		Release|Any CPU = Release|Any CPU
		Release|x64 = Release|x64
		Release|x86 = Release|x86
	EndGlobalSection
	GlobalSection(SolutionProperties) = preSolution
		HideSolutionNode = FALSE
	EndGlobalSection
	GlobalSection(ProjectConfigurationPlatforms) = postSolution
		{02DFEDD9-3D08-4E5A-B2C5-000B884681A0}.Debug|Any CPU.ActiveCfg = Debug|Any CPU
		{02DFEDD9-3D08-4E5A-B2C5-000B884681A0}.Debug|Any CPU.Build.0 = Debug|Any CPU
		{02DFEDD9-3D08-4E5A-B2C5-000B884681A0}.Debug|x64.ActiveCfg = Debug|Any CPU
		{02DFEDD9-3D08-4E5A-B2C5-000B884681A0}.Debug|x64.Build.0 = Debug|Any CPU
		{02DFEDD9-3D08-4E5A-B2C5-000B884681A0}.Debug|x86.ActiveCfg = Debug|Any CPU
		{02DFEDD9-3D08-4E5A-B2C5-000B884681A0}.Debug|x86.Build.0 = Debug|Any CPU
		{02DFEDD9-3D08-4E5A-B2C5-000B884681A0}.Release|Any CPU.ActiveCfg = Release|Any CPU
		{02DFEDD9-3D08-4E5A-B2C5-000B884681A0}.Release|Any CPU.Build.0 = Release|Any CPU
		{02DFEDD9-3D08-4E5A-B2C5-000B884681A0}.Release|x64.ActiveCfg = Release|Any CPU
		{02DFEDD9-3D08-4E5A-B2C5-000B884681A0}.Release|x64.Build.0 = Release|Any CPU
		{02DFEDD9-3D08-4E5A-B2C5-000B884681A0}.Release|x86.ActiveCfg = Release|Any CPU
		{02DFEDD9-3D08-4E5A-B2C5-000B884681A0}.Release|x86.Build.0 = Release|Any CPU
		{3DF8755D-2337-4399-8C7D-7D878D2C038C}.Debug|Any CPU.ActiveCfg = Debug|Any CPU
		{3DF8755D-2337-4399-8C7D-7D878D2C038C}.Debug|Any CPU.Build.0 = Debug|Any CPU
		{3DF8755D-2337-4399-8C7D-7D878D2C038C}.Debug|x64.ActiveCfg = Debug|Any CPU
		{3DF8755D-2337-4399-8C7D-7D878D2C038C}.Debug|x64.Build.0 = Debug|Any CPU
		{3DF8755D-2337-4399-8C7D-7D878D2C038C}.Debug|x86.ActiveCfg = Debug|Any CPU
		{3DF8755D-2337-4399-8C7D-7D878D2C038C}.Debug|x86.Build.0 = Debug|Any CPU
		{3DF8755D-2337-4399-8C7D-7D878D2C038C}.Release|Any CPU.ActiveCfg = Release|Any CPU
		{3DF8755D-2337-4399-8C7D-7D878D2C038C}.Release|Any CPU.Build.0 = Release|Any CPU
		{3DF8755D-2337-4399-8C7D-7D878D2C038C}.Release|x64.ActiveCfg = Release|Any CPU
		{3DF8755D-2337-4399-8C7D-7D878D2C038C}.Release|x64.Build.0 = Release|Any CPU
		{3DF8755D-2337-4399-8C7D-7D878D2C038C}.Release|x86.ActiveCfg = Release|Any CPU
		{3DF8755D-2337-4399-8C7D-7D878D2C038C}.Release|x86.Build.0 = Release|Any CPU
		{05D190F7-95BE-4F85-9B5A-C26D2DF76754}.Debug|Any CPU.ActiveCfg = Debug|Any CPU
		{05D190F7-95BE-4F85-9B5A-C26D2DF76754}.Debug|Any CPU.Build.0 = Debug|Any CPU
		{05D190F7-95BE-4F85-9B5A-C26D2DF76754}.Debug|x64.ActiveCfg = Debug|Any CPU
		{05D190F7-95BE-4F85-9B5A-C26D2DF76754}.Debug|x64.Build.0 = Debug|Any CPU
		{05D190F7-95BE-4F85-9B5A-C26D2DF76754}.Debug|x86.ActiveCfg = Debug|Any CPU
		{05D190F7-95BE-4F85-9B5A-C26D2DF76754}.Debug|x86.Build.0 = Debug|Any CPU
		{05D190F7-95BE-4F85-9B5A-C26D2DF76754}.Release|Any CPU.ActiveCfg = Release|Any CPU
		{05D190F7-95BE-4F85-9B5A-C26D2DF76754}.Release|Any CPU.Build.0 = Release|Any CPU
		{05D190F7-95BE-4F85-9B5A-C26D2DF76754}.Release|x64.ActiveCfg = Release|Any CPU
		{05D190F7-95BE-4F85-9B5A-C26D2DF76754}.Release|x64.Build.0 = Release|Any CPU
		{05D190F7-95BE-4F85-9B5A-C26D2DF76754}.Release|x86.ActiveCfg = Release|Any CPU
		{05D190F7-95BE-4F85-9B5A-C26D2DF76754}.Release|x86.Build.0 = Release|Any CPU
	EndGlobalSection
	GlobalSection(NestedProjects) = preSolution
		{02DFEDD9-3D08-4E5A-B2C5-000B884681A0} = {858C79C7-C2DD-4916-B9B1-1EE46C0F4132}
		{3DF8755D-2337-4399-8C7D-7D878D2C038C} = {05396CF2-6D4D-41E0-BBE0-1B3953C20EB5}
		{05D190F7-95BE-4F85-9B5A-C26D2DF76754} = {05396CF2-6D4D-41E0-BBE0-1B3953C20EB5}
	EndGlobalSection
EndGlobal
